
Microsoft Visual Studio Solution File, Format Version 12.00
# Visual Studio Version 17
VisualStudioVersion = 17.7.34202.233
MinimumVisualStudioVersion = 10.0.40219.1
Project("{FAE04EC0-301F-11D3-BF4B-00C04F79EFBC}") = "Sylvia_API", "Sylvia_API.csproj", "{F45DFE21-A519-456D-A8CC-F5104BBA24EE}"
EndProject
Global
	GlobalSection(SolutionConfigurationPlatforms) = preSolution
		Debug|Any CPU = Debug|Any CPU
		Release|Any CPU = Release|Any CPU
	EndGlobalSection
	GlobalSection(ProjectConfigurationPlatforms) = postSolution
		{F45DFE21-A519-456D-A8CC-F5104BBA24EE}.Debug|Any CPU.ActiveCfg = Debug|Any CPU
		{F45DFE21-A519-456D-A8CC-F5104BBA24EE}.Debug|Any CPU.Build.0 = Debug|Any CPU
		{F45DFE21-A519-456D-A8CC-F5104BBA24EE}.Release|Any CPU.ActiveCfg = Release|Any CPU
		{F45DFE21-A519-456D-A8CC-F5104BBA24EE}.Release|Any CPU.Build.0 = Release|Any CPU
	EndGlobalSection
	GlobalSection(SolutionProperties) = preSolution
		HideSolutionNode = FALSE
	EndGlobalSection
	GlobalSection(ExtensibilityGlobals) = postSolution
		SolutionGuid = {3F16F179-39FB-4C3D-A325-7916861087FB}
	EndGlobalSection
EndGlobal
